
Microsoft Visual Studio Solution File, Format Version 12.00
# Visual Studio 2013
VisualStudioVersion = 12.0.40629.0
MinimumVisualStudioVersion = 10.0.40219.1
Project("{FAE04EC0-301F-11D3-BF4B-00C04F79EFBC}") = "FaceShop", "FaceShop\FaceShop.csproj", "{761A6EE9-6CD5-4FEC-9D79-66FE703C1DF5}"
EndProject
Project("{FAE04EC0-301F-11D3-BF4B-00C04F79EFBC}") = "FaceShop.Tests", "FaceShop.Tests\FaceShop.Tests.csproj", "{2660C4ED-3B50-439B-93B0-E95DFE2691C0}"
EndProject
Global
	GlobalSection(SolutionConfigurationPlatforms) = preSolution
		Debug|Any CPU = Debug|Any CPU
		Release|Any CPU = Release|Any CPU
	EndGlobalSection
	GlobalSection(ProjectConfigurationPlatforms) = postSolution
		{761A6EE9-6CD5-4FEC-9D79-66FE703C1DF5}.Debug|Any CPU.ActiveCfg = Debug|Any CPU
		{761A6EE9-6CD5-4FEC-9D79-66FE703C1DF5}.Debug|Any CPU.Build.0 = Debug|Any CPU
		{761A6EE9-6CD5-4FEC-9D79-66FE703C1DF5}.Release|Any CPU.ActiveCfg = Release|Any CPU
		{761A6EE9-6CD5-4FEC-9D79-66FE703C1DF5}.Release|Any CPU.Build.0 = Release|Any CPU
		{2660C4ED-3B50-439B-93B0-E95DFE2691C0}.Debug|Any CPU.ActiveCfg = Debug|Any CPU
		{2660C4ED-3B50-439B-93B0-E95DFE2691C0}.Debug|Any CPU.Build.0 = Debug|Any CPU
		{2660C4ED-3B50-439B-93B0-E95DFE2691C0}.Release|Any CPU.ActiveCfg = Release|Any CPU
		{2660C4ED-3B50-439B-93B0-E95DFE2691C0}.Release|Any CPU.Build.0 = Release|Any CPU
	EndGlobalSection
	GlobalSection(SolutionProperties) = preSolution
		HideSolutionNode = FALSE
	EndGlobalSection
EndGlobal
